
Microsoft Visual Studio Solution File, Format Version 12.00
# Visual Studio Version 16
VisualStudioVersion = 16.0.30413.136
MinimumVisualStudioVersion = 10.0.40219.1
Project("{FAE04EC0-301F-11D3-BF4B-00C04F79EFBC}") = "Asa.SnakesAndLadder.UI", "Asa.SnakesAndLadder.UI\Asa.SnakesAndLadder.UI.csproj", "{27E6285A-8AA0-4BCB-887D-37EEE1CC94FA}"
EndProject
Project("{FAE04EC0-301F-11D3-BF4B-00C04F79EFBC}") = "Asa.SnakesAndLadder.Core", "Asa.SnakesAndLadder.Core\Asa.SnakesAndLadder.Core.csproj", "{536CC255-DC65-4383-88B6-1C88B642277A}"
EndProject
Global
	GlobalSection(SolutionConfigurationPlatforms) = preSolution
		Debug|Any CPU = Debug|Any CPU
		Release|Any CPU = Release|Any CPU
	EndGlobalSection
	GlobalSection(ProjectConfigurationPlatforms) = postSolution
		{27E6285A-8AA0-4BCB-887D-37EEE1CC94FA}.Debug|Any CPU.ActiveCfg = Debug|Any CPU
		{27E6285A-8AA0-4BCB-887D-37EEE1CC94FA}.Debug|Any CPU.Build.0 = Debug|Any CPU
		{27E6285A-8AA0-4BCB-887D-37EEE1CC94FA}.Release|Any CPU.ActiveCfg = Release|Any CPU
		{27E6285A-8AA0-4BCB-887D-37EEE1CC94FA}.Release|Any CPU.Build.0 = Release|Any CPU
		{536CC255-DC65-4383-88B6-1C88B642277A}.Debug|Any CPU.ActiveCfg = Debug|Any CPU
		{536CC255-DC65-4383-88B6-1C88B642277A}.Debug|Any CPU.Build.0 = Debug|Any CPU
		{536CC255-DC65-4383-88B6-1C88B642277A}.Release|Any CPU.ActiveCfg = Release|Any CPU
		{536CC255-DC65-4383-88B6-1C88B642277A}.Release|Any CPU.Build.0 = Release|Any CPU
	EndGlobalSection
	GlobalSection(SolutionProperties) = preSolution
		HideSolutionNode = FALSE
	EndGlobalSection
	GlobalSection(ExtensibilityGlobals) = postSolution
		SolutionGuid = {D698E404-3A47-4A73-88CC-0F63538D9FF0}
	EndGlobalSection
EndGlobal
